
Microsoft Visual Studio Solution File, Format Version 12.00
Project("{FAE04EC0-301F-11D3-BF4B-00C04F79EFBC}") = "CompiladorAnalisador", "CompiladorAnalisador\CompiladorAnalisador.csproj", "{0ECFB69D-2D2E-4A2D-8219-CD43DB2F504D}"
EndProject
Global
	GlobalSection(SolutionConfigurationPlatforms) = preSolution
		Debug|Any CPU = Debug|Any CPU
		Release|Any CPU = Release|Any CPU
	EndGlobalSection
	GlobalSection(ProjectConfigurationPlatforms) = postSolution
		{0ECFB69D-2D2E-4A2D-8219-CD43DB2F504D}.Debug|Any CPU.ActiveCfg = Debug|Any CPU
		{0ECFB69D-2D2E-4A2D-8219-CD43DB2F504D}.Debug|Any CPU.Build.0 = Debug|Any CPU
		{0ECFB69D-2D2E-4A2D-8219-CD43DB2F504D}.Release|Any CPU.ActiveCfg = Release|Any CPU
		{0ECFB69D-2D2E-4A2D-8219-CD43DB2F504D}.Release|Any CPU.Build.0 = Release|Any CPU
	EndGlobalSection
EndGlobal
